// !$*UTF8*$!
{
	archiveVersion = 1;
	classes = {
	};
	objectVersion = 56;
	objects = {

/* Begin PBXBuildFile section */
		F82786E82AC59B170047111D /* AppDelegate.swift in Sources */ = {isa = PBXBuildFile; fileRef = F82786E72AC59B170047111D /* AppDelegate.swift */; };
		F82786EE2AC59B170047111D /* GameScene.swift in Sources */ = {isa = PBXBuildFile; fileRef = F82786ED2AC59B170047111D /* GameScene.swift */; };
		F82786F02AC59B170047111D /* GameViewController.swift in Sources */ = {isa = PBXBuildFile; fileRef = F82786EF2AC59B170047111D /* GameViewController.swift */; };
		F82786F52AC59B180047111D /* Assets.xcassets in Resources */ = {isa = PBXBuildFile; fileRef = F82786F42AC59B180047111D /* Assets.xcassets */; };
		F82787012AC5A2F20047111D /* Player.swift in Sources */ = {isa = PBXBuildFile; fileRef = F82787002AC5A2F20047111D /* Player.swift */; };
		F82787032AC5A8250047111D /* Joystick.swift in Sources */ = {isa = PBXBuildFile; fileRef = F82787022AC5A8250047111D /* Joystick.swift */; };
		F82787052AC5B8CB0047111D /* JumpButton.swift in Sources */ = {isa = PBXBuildFile; fileRef = F82787042AC5B8CB0047111D /* JumpButton.swift */; };
		F898070F2ACDA1880044D237 /* Zposition.swift in Sources */ = {isa = PBXBuildFile; fileRef = F898070E2ACDA1880044D237 /* Zposition.swift */; };
		F89807112ACDA4130044D237 /* Dimensions.swift in Sources */ = {isa = PBXBuildFile; fileRef = F89807102ACDA4130044D237 /* Dimensions.swift */; };
		F8B81A2B2AC8A92C0081324E /* Ground.swift in Sources */ = {isa = PBXBuildFile; fileRef = F8B81A2A2AC8A92C0081324E /* Ground.swift */; };
		F8F97E382ACB08350006A4BA /* Background.sks in Resources */ = {isa = PBXBuildFile; fileRef = F8F97E372ACB08350006A4BA /* Background.sks */; };
/* End PBXBuildFile section */

/* Begin PBXFileReference section */
		F82786E42AC59B170047111D /* CarameloRun.app */ = {isa = PBXFileReference; explicitFileType = wrapper.application; includeInIndex = 0; path = CarameloRun.app; sourceTree = BUILT_PRODUCTS_DIR; };
		F82786E72AC59B170047111D /* AppDelegate.swift */ = {isa = PBXFileReference; lastKnownFileType = sourcecode.swift; path = AppDelegate.swift; sourceTree = "<group>"; };
		F82786ED2AC59B170047111D /* GameScene.swift */ = {isa = PBXFileReference; lastKnownFileType = sourcecode.swift; path = GameScene.swift; sourceTree = "<group>"; };
		F82786EF2AC59B170047111D /* GameViewController.swift */ = {isa = PBXFileReference; lastKnownFileType = sourcecode.swift; path = GameViewController.swift; sourceTree = "<group>"; };
		F82786F42AC59B180047111D /* Assets.xcassets */ = {isa = PBXFileReference; lastKnownFileType = folder.assetcatalog; path = Assets.xcassets; sourceTree = "<group>"; };
		F82787002AC5A2F20047111D /* Player.swift */ = {isa = PBXFileReference; lastKnownFileType = sourcecode.swift; path = Player.swift; sourceTree = "<group>"; };
		F82787022AC5A8250047111D /* Joystick.swift */ = {isa = PBXFileReference; lastKnownFileType = sourcecode.swift; path = Joystick.swift; sourceTree = "<group>"; };
		F82787042AC5B8CB0047111D /* JumpButton.swift */ = {isa = PBXFileReference; lastKnownFileType = sourcecode.swift; path = JumpButton.swift; sourceTree = "<group>"; };
		F898070E2ACDA1880044D237 /* Zposition.swift */ = {isa = PBXFileReference; lastKnownFileType = sourcecode.swift; path = Zposition.swift; sourceTree = "<group>"; };
		F89807102ACDA4130044D237 /* Dimensions.swift */ = {isa = PBXFileReference; lastKnownFileType = sourcecode.swift; path = Dimensions.swift; sourceTree = "<group>"; };
		F8B81A2A2AC8A92C0081324E /* Ground.swift */ = {isa = PBXFileReference; lastKnownFileType = sourcecode.swift; path = Ground.swift; sourceTree = "<group>"; };
		F8F97E372ACB08350006A4BA /* Background.sks */ = {isa = PBXFileReference; lastKnownFileType = file.sks; path = Background.sks; sourceTree = "<group>"; };
/* End PBXFileReference section */

/* Begin PBXFrameworksBuildPhase section */
		F82786E12AC59B170047111D /* Frameworks */ = {
			isa = PBXFrameworksBuildPhase;
			buildActionMask = 2147483647;
			files = (
			);
			runOnlyForDeploymentPostprocessing = 0;
		};
/* End PBXFrameworksBuildPhase section */

/* Begin PBXGroup section */
		F82786DB2AC59B170047111D = {
			isa = PBXGroup;
			children = (
				F82786E62AC59B170047111D /* CarameloRun */,
				F82786E52AC59B170047111D /* Products */,
			);
			sourceTree = "<group>";
		};
		F82786E52AC59B170047111D /* Products */ = {
			isa = PBXGroup;
			children = (
				F82786E42AC59B170047111D /* CarameloRun.app */,
			);
			name = Products;
			sourceTree = "<group>";
		};
		F82786E62AC59B170047111D /* CarameloRun */ = {
			isa = PBXGroup;
			children = (
				F898070D2ACDA1510044D237 /* Utils */,
				F898070C2ACDA0D60044D237 /* Files */,
				F8F97E342ACB07F50006A4BA /* Scenes */,
				F82786FF2AC5A2DD0047111D /* Models */,
				F82786E72AC59B170047111D /* AppDelegate.swift */,
				F82786ED2AC59B170047111D /* GameScene.swift */,
				F82786EF2AC59B170047111D /* GameViewController.swift */,
			);
			path = CarameloRun;
			sourceTree = "<group>";
		};
		F82786FF2AC5A2DD0047111D /* Models */ = {
			isa = PBXGroup;
			children = (
				F82787002AC5A2F20047111D /* Player.swift */,
				F82787022AC5A8250047111D /* Joystick.swift */,
				F82787042AC5B8CB0047111D /* JumpButton.swift */,
				F8B81A2A2AC8A92C0081324E /* Ground.swift */,
			);
			path = Models;
			sourceTree = "<group>";
		};
		F898070C2ACDA0D60044D237 /* Files */ = {
			isa = PBXGroup;
			children = (
				F82786F42AC59B180047111D /* Assets.xcassets */,
			);
			name = Files;
			sourceTree = "<group>";
		};
		F898070D2ACDA1510044D237 /* Utils */ = {
			isa = PBXGroup;
			children = (
				F898070E2ACDA1880044D237 /* Zposition.swift */,
				F89807102ACDA4130044D237 /* Dimensions.swift */,
			);
			name = Utils;
			sourceTree = "<group>";
		};
		F8F97E342ACB07F50006A4BA /* Scenes */ = {
			isa = PBXGroup;
			children = (
				F8F97E372ACB08350006A4BA /* Background.sks */,
			);
			path = Scenes;
			sourceTree = "<group>";
		};
/* End PBXGroup section */

/* Begin PBXNativeTarget section */
		F82786E32AC59B170047111D /* CarameloRun */ = {
			isa = PBXNativeTarget;
			buildConfigurationList = F82786FB2AC59B180047111D /* Build configuration list for PBXNativeTarget "CarameloRun" */;
			buildPhases = (
				F82786E02AC59B170047111D /* Sources */,
				F82786E12AC59B170047111D /* Frameworks */,
				F82786E22AC59B170047111D /* Resources */,
			);
			buildRules = (
			);
			dependencies = (
			);
			name = CarameloRun;
			productName = CarameloRun;
			productReference = F82786E42AC59B170047111D /* CarameloRun.app */;
			productType = "com.apple.product-type.application";
		};
/* End PBXNativeTarget section */

/* Begin PBXProject section */
		F82786DC2AC59B170047111D /* Project object */ = {
			isa = PBXProject;
			attributes = {
				BuildIndependentTargetsInParallel = 1;
				LastSwiftUpdateCheck = 1430;
				LastUpgradeCheck = 1430;
				TargetAttributes = {
					F82786E32AC59B170047111D = {
						CreatedOnToolsVersion = 14.3.1;
					};
				};
			};
			buildConfigurationList = F82786DF2AC59B170047111D /* Build configuration list for PBXProject "CarameloRun" */;
			compatibilityVersion = "Xcode 14.0";
			developmentRegion = en;
			hasScannedForEncodings = 0;
			knownRegions = (
				en,
				Base,
			);
			mainGroup = F82786DB2AC59B170047111D;
			productRefGroup = F82786E52AC59B170047111D /* Products */;
			projectDirPath = "";
			projectRoot = "";
			targets = (
				F82786E32AC59B170047111D /* CarameloRun */,
			);
		};
/* End PBXProject section */

/* Begin PBXResourcesBuildPhase section */
		F82786E22AC59B170047111D /* Resources */ = {
			isa = PBXResourcesBuildPhase;
			buildActionMask = 2147483647;
			files = (
				F8F97E382ACB08350006A4BA /* Background.sks in Resources */,
				F82786F52AC59B180047111D /* Assets.xcassets in Resources */,
			);
			runOnlyForDeploymentPostprocessing = 0;
		};
/* End PBXResourcesBuildPhase section */

/* Begin PBXSourcesBuildPhase section */
		F82786E02AC59B170047111D /* Sources */ = {
			isa = PBXSourcesBuildPhase;
			buildActionMask = 2147483647;
			files = (
				F82787012AC5A2F20047111D /* Player.swift in Sources */,
				F898070F2ACDA1880044D237 /* Zposition.swift in Sources */,
				F82786EE2AC59B170047111D /* GameScene.swift in Sources */,
				F8B81A2B2AC8A92C0081324E /* Ground.swift in Sources */,
				F82787032AC5A8250047111D /* Joystick.swift in Sources */,
				F82787052AC5B8CB0047111D /* JumpButton.swift in Sources */,
				F82786F02AC59B170047111D /* GameViewController.swift in Sources */,
				F82786E82AC59B170047111D /* AppDelegate.swift in Sources */,
				F89807112ACDA4130044D237 /* Dimensions.swift in Sources */,
			);
			runOnlyForDeploymentPostprocessing = 0;
		};
/* End PBXSourcesBuildPhase section */

/* Begin XCBuildConfiguration section */
		F82786F92AC59B180047111D /* Debug */ = {
			isa = XCBuildConfiguration;
			buildSettings = {
				ALWAYS_SEARCH_USER_PATHS = NO;
				CLANG_ANALYZER_NONNULL = YES;
				CLANG_ANALYZER_NUMBER_OBJECT_CONVERSION = YES_AGGRESSIVE;
				CLANG_CXX_LANGUAGE_STANDARD = "gnu++20";
				CLANG_ENABLE_MODULES = YES;
				CLANG_ENABLE_OBJC_ARC = YES;
				CLANG_ENABLE_OBJC_WEAK = YES;
				CLANG_WARN_BLOCK_CAPTURE_AUTORELEASING = YES;
				CLANG_WARN_BOOL_CONVERSION = YES;
				CLANG_WARN_COMMA = YES;
				CLANG_WARN_CONSTANT_CONVERSION = YES;
				CLANG_WARN_DEPRECATED_OBJC_IMPLEMENTATIONS = YES;
				CLANG_WARN_DIRECT_OBJC_ISA_USAGE = YES_ERROR;
				CLANG_WARN_DOCUMENTATION_COMMENTS = YES;
				CLANG_WARN_EMPTY_BODY = YES;
				CLANG_WARN_ENUM_CONVERSION = YES;
				CLANG_WARN_INFINITE_RECURSION = YES;
				CLANG_WARN_INT_CONVERSION = YES;
				CLANG_WARN_NON_LITERAL_NULL_CONVERSION = YES;
				CLANG_WARN_OBJC_IMPLICIT_RETAIN_SELF = YES;
				CLANG_WARN_OBJC_LITERAL_CONVERSION = YES;
				CLANG_WARN_OBJC_ROOT_CLASS = YES_ERROR;
				CLANG_WARN_QUOTED_INCLUDE_IN_FRAMEWORK_HEADER = YES;
				CLANG_WARN_RANGE_LOOP_ANALYSIS = YES;
				CLANG_WARN_STRICT_PROTOTYPES = YES;
				CLANG_WARN_SUSPICIOUS_MOVE = YES;
				CLANG_WARN_UNGUARDED_AVAILABILITY = YES_AGGRESSIVE;
				CLANG_WARN_UNREACHABLE_CODE = YES;
				CLANG_WARN__DUPLICATE_METHOD_MATCH = YES;
				COPY_PHASE_STRIP = NO;
				DEBUG_INFORMATION_FORMAT = dwarf;
				ENABLE_STRICT_OBJC_MSGSEND = YES;
				ENABLE_TESTABILITY = YES;
				GCC_C_LANGUAGE_STANDARD = gnu11;
				GCC_DYNAMIC_NO_PIC = NO;
				GCC_NO_COMMON_BLOCKS = YES;
				GCC_OPTIMIZATION_LEVEL = 0;
				GCC_PREPROCESSOR_DEFINITIONS = (
					"DEBUG=1",
					"$(inherited)",
				);
				GCC_WARN_64_TO_32_BIT_CONVERSION = YES;
				GCC_WARN_ABOUT_RETURN_TYPE = YES_ERROR;
				GCC_WARN_UNDECLARED_SELECTOR = YES;
				GCC_WARN_UNINITIALIZED_AUTOS = YES_AGGRESSIVE;
				GCC_WARN_UNUSED_FUNCTION = YES;
				GCC_WARN_UNUSED_VARIABLE = YES;
				IPHONEOS_DEPLOYMENT_TARGET = 16.4;
				MTL_ENABLE_DEBUG_INFO = INCLUDE_SOURCE;
				MTL_FAST_MATH = YES;
				ONLY_ACTIVE_ARCH = YES;
				SDKROOT = iphoneos;
				SWIFT_ACTIVE_COMPILATION_CONDITIONS = DEBUG;
				SWIFT_OPTIMIZATION_LEVEL = "-Onone";
			};
			name = Debug;
		};
		F82786FA2AC59B180047111D /* Release */ = {
			isa = XCBuildConfiguration;
			buildSettings = {
				ALWAYS_SEARCH_USER_PATHS = NO;
				CLANG_ANALYZER_NONNULL = YES;
				CLANG_ANALYZER_NUMBER_OBJECT_CONVERSION = YES_AGGRESSIVE;
				CLANG_CXX_LANGUAGE_STANDARD = "gnu++20";
				CLANG_ENABLE_MODULES = YES;
				CLANG_ENABLE_OBJC_ARC = YES;
				CLANG_ENABLE_OBJC_WEAK = YES;
				CLANG_WARN_BLOCK_CAPTURE_AUTORELEASING = YES;
				CLANG_WARN_BOOL_CONVERSION = YES;
				CLANG_WARN_COMMA = YES;
				CLANG_WARN_CONSTANT_CONVERSION = YES;
				CLANG_WARN_DEPRECATED_OBJC_IMPLEMENTATIONS = YES;
				CLANG_WARN_DIRECT_OBJC_ISA_USAGE = YES_ERROR;
				CLANG_WARN_DOCUMENTATION_COMMENTS = YES;
				CLANG_WARN_EMPTY_BODY = YES;
				CLANG_WARN_ENUM_CONVERSION = YES;
				CLANG_WARN_INFINITE_RECURSION = YES;
				CLANG_WARN_INT_CONVERSION = YES;
				CLANG_WARN_NON_LITERAL_NULL_CONVERSION = YES;
				CLANG_WARN_OBJC_IMPLICIT_RETAIN_SELF = YES;
				CLANG_WARN_OBJC_LITERAL_CONVERSION = YES;
				CLANG_WARN_OBJC_ROOT_CLASS = YES_ERROR;
				CLANG_WARN_QUOTED_INCLUDE_IN_FRAMEWORK_HEADER = YES;
				CLANG_WARN_RANGE_LOOP_ANALYSIS = YES;
				CLANG_WARN_STRICT_PROTOTYPES = YES;
				CLANG_WARN_SUSPICIOUS_MOVE = YES;
				CLANG_WARN_UNGUARDED_AVAILABILITY = YES_AGGRESSIVE;
				CLANG_WARN_UNREACHABLE_CODE = YES;
				CLANG_WARN__DUPLICATE_METHOD_MATCH = YES;
				COPY_PHASE_STRIP = NO;
				DEBUG_INFORMATION_FORMAT = "dwarf-with-dsym";
				ENABLE_NS_ASSERTIONS = NO;
				ENABLE_STRICT_OBJC_MSGSEND = YES;
				GCC_C_LANGUAGE_STANDARD = gnu11;
				GCC_NO_COMMON_BLOCKS = YES;
				GCC_WARN_64_TO_32_BIT_CONVERSION = YES;
				GCC_WARN_ABOUT_RETURN_TYPE = YES_ERROR;
				GCC_WARN_UNDECLARED_SELECTOR = YES;
				GCC_WARN_UNINITIALIZED_AUTOS = YES_AGGRESSIVE;
				GCC_WARN_UNUSED_FUNCTION = YES;
				GCC_WARN_UNUSED_VARIABLE = YES;
				IPHONEOS_DEPLOYMENT_TARGET = 16.4;
				MTL_ENABLE_DEBUG_INFO = NO;
				MTL_FAST_MATH = YES;
				SDKROOT = iphoneos;
				SWIFT_COMPILATION_MODE = wholemodule;
				SWIFT_OPTIMIZATION_LEVEL = "-O";
				VALIDATE_PRODUCT = YES;
			};
			name = Release;
		};
		F82786FC2AC59B180047111D /* Debug */ = {
			isa = XCBuildConfiguration;
			buildSettings = {
				ASSETCATALOG_COMPILER_APPICON_NAME = AppIcon;
				ASSETCATALOG_COMPILER_GLOBAL_ACCENT_COLOR_NAME = AccentColor;
				CODE_SIGN_STYLE = Automatic;
				CURRENT_PROJECT_VERSION = 1;
				DEVELOPMENT_TEAM = A7BY7494NB;
				GENERATE_INFOPLIST_FILE = YES;
				INFOPLIST_KEY_UIApplicationSupportsIndirectInputEvents = YES;
				INFOPLIST_KEY_UILaunchStoryboardName = LaunchScreen;
				INFOPLIST_KEY_UIStatusBarHidden = YES;
				INFOPLIST_KEY_UISupportedInterfaceOrientations_iPad = "UIInterfaceOrientationPortrait UIInterfaceOrientationPortraitUpsideDown UIInterfaceOrientationLandscapeLeft UIInterfaceOrientationLandscapeRight";
				INFOPLIST_KEY_UISupportedInterfaceOrientations_iPhone = "UIInterfaceOrientationPortrait UIInterfaceOrientationLandscapeLeft UIInterfaceOrientationLandscapeRight";
				LD_RUNPATH_SEARCH_PATHS = (
					"$(inherited)",
					"@executable_path/Frameworks",
				);
				MARKETING_VERSION = 1.0;
				PRODUCT_BUNDLE_IDENTIFIER = com.caramelorun;
				PRODUCT_NAME = "$(TARGET_NAME)";
				SWIFT_EMIT_LOC_STRINGS = YES;
				SWIFT_VERSION = 5.0;
				TARGETED_DEVICE_FAMILY = "1,2";
			};
			name = Debug;
		};
		F82786FD2AC59B180047111D /* Release */ = {
			isa = XCBuildConfiguration;
			buildSettings = {
				ASSETCATALOG_COMPILER_APPICON_NAME = AppIcon;
				ASSETCATALOG_COMPILER_GLOBAL_ACCENT_COLOR_NAME = AccentColor;
				CODE_SIGN_STYLE = Automatic;
				CURRENT_PROJECT_VERSION = 1;
				DEVELOPMENT_TEAM = A7BY7494NB;
				GENERATE_INFOPLIST_FILE = YES;
				INFOPLIST_KEY_UIApplicationSupportsIndirectInputEvents = YES;
				INFOPLIST_KEY_UILaunchStoryboardName = LaunchScreen;
				INFOPLIST_KEY_UIStatusBarHidden = YES;
				INFOPLIST_KEY_UISupportedInterfaceOrientations_iPad = "UIInterfaceOrientationPortrait UIInterfaceOrientationPortraitUpsideDown UIInterfaceOrientationLandscapeLeft UIInterfaceOrientationLandscapeRight";
				INFOPLIST_KEY_UISupportedInterfaceOrientations_iPhone = "UIInterfaceOrientationPortrait UIInterfaceOrientationLandscapeLeft UIInterfaceOrientationLandscapeRight";
				LD_RUNPATH_SEARCH_PATHS = (
					"$(inherited)",
					"@executable_path/Frameworks",
				);
				MARKETING_VERSION = 1.0;
				PRODUCT_BUNDLE_IDENTIFIER = com.caramelorun;
				PRODUCT_NAME = "$(TARGET_NAME)";
				SWIFT_EMIT_LOC_STRINGS = YES;
				SWIFT_VERSION = 5.0;
				TARGETED_DEVICE_FAMILY = "1,2";
			};
			name = Release;
		};
/* End XCBuildConfiguration section */

/* Begin XCConfigurationList section */
		F82786DF2AC59B170047111D /* Build configuration list for PBXProject "CarameloRun" */ = {
			isa = XCConfigurationList;
			buildConfigurations = (
				F82786F92AC59B180047111D /* Debug */,
				F82786FA2AC59B180047111D /* Release */,
			);
			defaultConfigurationIsVisible = 0;
			defaultConfigurationName = Release;
		};
		F82786FB2AC59B180047111D /* Build configuration list for PBXNativeTarget "CarameloRun" */ = {
			isa = XCConfigurationList;
			buildConfigurations = (
				F82786FC2AC59B180047111D /* Debug */,
				F82786FD2AC59B180047111D /* Release */,
			);
			defaultConfigurationIsVisible = 0;
			defaultConfigurationName = Release;
		};
/* End XCConfigurationList section */
	};
	rootObject = F82786DC2AC59B170047111D /* Project object */;
}
